
Microsoft Visual Studio Solution File, Format Version 12.00
# Visual Studio Version 17
VisualStudioVersion = 17.7.33920.267
MinimumVisualStudioVersion = 10.0.40219.1
Project("{8BC9CEB8-8B4A-11D0-8D11-00A0C91BC942}") = "VEngine", "VEngine\VEngine.vcxproj", "{136BBF2C-B390-4DCA-B102-DC72F2E8887A}"
EndProject
Global
	GlobalSection(SolutionConfigurationPlatforms) = preSolution
		Debug|x64 = Debug|x64
		Debug|x86 = Debug|x86
		Release|x64 = Release|x64
		Release|x86 = Release|x86
	EndGlobalSection
	GlobalSection(ProjectConfigurationPlatforms) = postSolution
		{136BBF2C-B390-4DCA-B102-DC72F2E8887A}.Debug|x64.ActiveCfg = Debug|x64
		{136BBF2C-B390-4DCA-B102-DC72F2E8887A}.Debug|x64.Build.0 = Debug|x64
		{136BBF2C-B390-4DCA-B102-DC72F2E8887A}.Debug|x86.ActiveCfg = Debug|Win32
		{136BBF2C-B390-4DCA-B102-DC72F2E8887A}.Debug|x86.Build.0 = Debug|Win32
		{136BBF2C-B390-4DCA-B102-DC72F2E8887A}.Release|x64.ActiveCfg = Release|x64
		{136BBF2C-B390-4DCA-B102-DC72F2E8887A}.Release|x64.Build.0 = Release|x64
		{136BBF2C-B390-4DCA-B102-DC72F2E8887A}.Release|x86.ActiveCfg = Release|Win32
		{136BBF2C-B390-4DCA-B102-DC72F2E8887A}.Release|x86.Build.0 = Release|Win32
	EndGlobalSection
	GlobalSection(SolutionProperties) = preSolution
		HideSolutionNode = FALSE
	EndGlobalSection
	GlobalSection(ExtensibilityGlobals) = postSolution
		SolutionGuid = {FCD5589D-1A96-444C-B0D4-F179BDE89F13}
	EndGlobalSection
EndGlobal
